
Microsoft Visual Studio Solution File, Format Version 12.00
# Visual Studio 15
Project("{FAE04EC0-301F-11D3-BF4B-00C04F79EFBC}") = "Assembly-CSharp", "Assembly-CSharp.csproj", "{0318A7E1-BF4D-C793-D8D3-8CFEFD7D69DA}"
EndProject
Project("{FAE04EC0-301F-11D3-BF4B-00C04F79EFBC}") = "Assembly-CSharp-Editor", "Assembly-CSharp-Editor.csproj", "{0489EF38-5524-A79B-5727-25E2E8CA5CBB}"
EndProject
Global
	GlobalSection(SolutionConfigurationPlatforms) = preSolution
		Debug|Any CPU = Debug|Any CPU
		Release|Any CPU = Release|Any CPU
	EndGlobalSection
	GlobalSection(ProjectConfigurationPlatforms) = postSolution
		{0318A7E1-BF4D-C793-D8D3-8CFEFD7D69DA}.Debug|Any CPU.ActiveCfg = Debug|Any CPU
		{0318A7E1-BF4D-C793-D8D3-8CFEFD7D69DA}.Debug|Any CPU.Build.0 = Debug|Any CPU
		{0318A7E1-BF4D-C793-D8D3-8CFEFD7D69DA}.Release|Any CPU.ActiveCfg = Release|Any CPU
		{0318A7E1-BF4D-C793-D8D3-8CFEFD7D69DA}.Release|Any CPU.Build.0 = Release|Any CPU
		{0489EF38-5524-A79B-5727-25E2E8CA5CBB}.Debug|Any CPU.ActiveCfg = Debug|Any CPU
		{0489EF38-5524-A79B-5727-25E2E8CA5CBB}.Debug|Any CPU.Build.0 = Debug|Any CPU
		{0489EF38-5524-A79B-5727-25E2E8CA5CBB}.Release|Any CPU.ActiveCfg = Release|Any CPU
		{0489EF38-5524-A79B-5727-25E2E8CA5CBB}.Release|Any CPU.Build.0 = Release|Any CPU
	EndGlobalSection
	GlobalSection(SolutionProperties) = preSolution
		HideSolutionNode = FALSE
	EndGlobalSection
EndGlobal
